{
  "name": "product-engineer",
  "version": "0.3.3",
  "lockfileVersion": 3,
  "requires": true,
  "packages": {
    "": {
      "name": "product-engineer",
      "version": "0.3.3",
      "license": "MIT",
      "bin": {
        "product-engineer": "bin/check.mjs"
      },
      "engines": {
        "node": ">=20"
      }
    }
  }
}
